
Microsoft Visual Studio Solution File, Format Version 12.00
# Visual Studio 14
VisualStudioVersion = 14.0.25420.1
MinimumVisualStudioVersion = 10.0.40219.1
Project("{8BC9CEB8-8B4A-11D0-8D11-00A0C91BC942}") = "作业调度算法模拟", "作业调度算法模拟\作业调度算法模拟.vcxproj", "{EEC027FE-4187-4117-9171-04709541CD7E}"
EndProject
Project("{8BC9CEB8-8B4A-11D0-8D11-00A0C91BC942}") = "分区式存储管理算法的模拟实现", "分区式存储管理算法的模拟实现\分区式存储管理算法的模拟实现.vcxproj", "{11F38529-D84F-49E8-A484-B4BDDCC14F06}"
EndProject
Project("{8BC9CEB8-8B4A-11D0-8D11-00A0C91BC942}") = "页面调度算法的模拟实现", "页面调度算法的模拟实现\页面调度算法的模拟实现.vcxproj", "{48F39FB2-C5CB-4933-8B27-11EE780D175A}"
EndProject
Global
	GlobalSection(SolutionConfigurationPlatforms) = preSolution
		Debug|x64 = Debug|x64
		Debug|x86 = Debug|x86
		Release|x64 = Release|x64
		Release|x86 = Release|x86
	EndGlobalSection
	GlobalSection(ProjectConfigurationPlatforms) = postSolution
		{EEC027FE-4187-4117-9171-04709541CD7E}.Debug|x64.ActiveCfg = Debug|x64
		{EEC027FE-4187-4117-9171-04709541CD7E}.Debug|x64.Build.0 = Debug|x64
		{EEC027FE-4187-4117-9171-04709541CD7E}.Debug|x86.ActiveCfg = Debug|Win32
		{EEC027FE-4187-4117-9171-04709541CD7E}.Debug|x86.Build.0 = Debug|Win32
		{EEC027FE-4187-4117-9171-04709541CD7E}.Release|x64.ActiveCfg = Release|x64
		{EEC027FE-4187-4117-9171-04709541CD7E}.Release|x64.Build.0 = Release|x64
		{EEC027FE-4187-4117-9171-04709541CD7E}.Release|x86.ActiveCfg = Release|Win32
		{EEC027FE-4187-4117-9171-04709541CD7E}.Release|x86.Build.0 = Release|Win32
		{11F38529-D84F-49E8-A484-B4BDDCC14F06}.Debug|x64.ActiveCfg = Debug|x64
		{11F38529-D84F-49E8-A484-B4BDDCC14F06}.Debug|x64.Build.0 = Debug|x64
		{11F38529-D84F-49E8-A484-B4BDDCC14F06}.Debug|x86.ActiveCfg = Debug|Win32
		{11F38529-D84F-49E8-A484-B4BDDCC14F06}.Debug|x86.Build.0 = Debug|Win32
		{11F38529-D84F-49E8-A484-B4BDDCC14F06}.Release|x64.ActiveCfg = Release|x64
		{11F38529-D84F-49E8-A484-B4BDDCC14F06}.Release|x64.Build.0 = Release|x64
		{11F38529-D84F-49E8-A484-B4BDDCC14F06}.Release|x86.ActiveCfg = Release|Win32
		{11F38529-D84F-49E8-A484-B4BDDCC14F06}.Release|x86.Build.0 = Release|Win32
		{48F39FB2-C5CB-4933-8B27-11EE780D175A}.Debug|x64.ActiveCfg = Debug|x64
		{48F39FB2-C5CB-4933-8B27-11EE780D175A}.Debug|x64.Build.0 = Debug|x64
		{48F39FB2-C5CB-4933-8B27-11EE780D175A}.Debug|x86.ActiveCfg = Debug|Win32
		{48F39FB2-C5CB-4933-8B27-11EE780D175A}.Debug|x86.Build.0 = Debug|Win32
		{48F39FB2-C5CB-4933-8B27-11EE780D175A}.Release|x64.ActiveCfg = Release|x64
		{48F39FB2-C5CB-4933-8B27-11EE780D175A}.Release|x64.Build.0 = Release|x64
		{48F39FB2-C5CB-4933-8B27-11EE780D175A}.Release|x86.ActiveCfg = Release|Win32
		{48F39FB2-C5CB-4933-8B27-11EE780D175A}.Release|x86.Build.0 = Release|Win32
	EndGlobalSection
	GlobalSection(SolutionProperties) = preSolution
		HideSolutionNode = FALSE
	EndGlobalSection
EndGlobal
